
Microsoft Visual Studio Solution File, Format Version 12.00
# Visual Studio 15
VisualStudioVersion = 15.0.27004.2009
MinimumVisualStudioVersion = 10.0.40219.1
Project("{FAE04EC0-301F-11D3-BF4B-00C04F79EFBC}") = "A2DGEvent", "A2DGEvent\A2DGEvent.csproj", "{BDA1363A-4AF9-4604-855B-EA511BDBCE01}"
EndProject
Global
	GlobalSection(SolutionConfigurationPlatforms) = preSolution
		Debug|Any CPU = Debug|Any CPU
		Release|Any CPU = Release|Any CPU
	EndGlobalSection
	GlobalSection(ProjectConfigurationPlatforms) = postSolution
		{BDA1363A-4AF9-4604-855B-EA511BDBCE01}.Debug|Any CPU.ActiveCfg = Debug|Any CPU
		{BDA1363A-4AF9-4604-855B-EA511BDBCE01}.Debug|Any CPU.Build.0 = Debug|Any CPU
		{BDA1363A-4AF9-4604-855B-EA511BDBCE01}.Release|Any CPU.ActiveCfg = Release|Any CPU
		{BDA1363A-4AF9-4604-855B-EA511BDBCE01}.Release|Any CPU.Build.0 = Release|Any CPU
	EndGlobalSection
	GlobalSection(SolutionProperties) = preSolution
		HideSolutionNode = FALSE
	EndGlobalSection
	GlobalSection(ExtensibilityGlobals) = postSolution
		SolutionGuid = {E8BAE8E7-2AC8-4629-9254-3FF7A6E382CD}
	EndGlobalSection
EndGlobal
